
Microsoft Visual Studio Solution File, Format Version 12.00
# Visual Studio Version 17
VisualStudioVersion = 17.9.34902.65
MinimumVisualStudioVersion = 10.0.40219.1
Project("{9A19103F-16F7-4668-BE54-9A1E7A4F7556}") = "HangKenhFE", "HangKenhFE\HangKenhFE.csproj", "{8C1B1BEF-E34C-4809-A1BF-F22C179A1469}"
EndProject
Global
	GlobalSection(SolutionConfigurationPlatforms) = preSolution
		Debug|Any CPU = Debug|Any CPU
		Release|Any CPU = Release|Any CPU
	EndGlobalSection
	GlobalSection(ProjectConfigurationPlatforms) = postSolution
		{8C1B1BEF-E34C-4809-A1BF-F22C179A1469}.Debug|Any CPU.ActiveCfg = Debug|Any CPU
		{8C1B1BEF-E34C-4809-A1BF-F22C179A1469}.Debug|Any CPU.Build.0 = Debug|Any CPU
		{8C1B1BEF-E34C-4809-A1BF-F22C179A1469}.Release|Any CPU.ActiveCfg = Release|Any CPU
		{8C1B1BEF-E34C-4809-A1BF-F22C179A1469}.Release|Any CPU.Build.0 = Release|Any CPU
	EndGlobalSection
	GlobalSection(SolutionProperties) = preSolution
		HideSolutionNode = FALSE
	EndGlobalSection
	GlobalSection(ExtensibilityGlobals) = postSolution
		SolutionGuid = {F8193CD4-12F5-4BF6-A2CF-EEF32D034B4C}
	EndGlobalSection
EndGlobal
